// !$*UTF8*$!
{
	archiveVersion = 1;
	classes = {
	};
	objectVersion = 46;
	objects = {

/* Begin PBXBuildFile section */
		7410319E1F8CB6B300511628 /* ZXButton.m in Sources */ = {isa = PBXBuildFile; fileRef = 741031961F8CB6B300511628 /* ZXButton.m */; };
		7410319F1F8CB6B300511628 /* ZXBlurryView.m in Sources */ = {isa = PBXBuildFile; fileRef = 741031991F8CB6B300511628 /* ZXBlurryView.m */; };
		741031A01F8CB6B300511628 /* ZXDragViewController.m in Sources */ = {isa = PBXBuildFile; fileRef = 7410319D1F8CB6B300511628 /* ZXDragViewController.m */; };
		741031A41F8CC18600511628 /* ZXDrayLayout.m in Sources */ = {isa = PBXBuildFile; fileRef = 741031A31F8CC18600511628 /* ZXDrayLayout.m */; };
		741031A91F8CC9ED00511628 /* DragCellModel.m in Sources */ = {isa = PBXBuildFile; fileRef = 741031A81F8CC9ED00511628 /* DragCellModel.m */; };
		74B11E221F8CF4AA00B8CDF2 /* ZXDragView.m in Sources */ = {isa = PBXBuildFile; fileRef = 74B11E211F8CF4AA00B8CDF2 /* ZXDragView.m */; };
		74D71A381E9E5369000D29A5 /* main.m in Sources */ = {isa = PBXBuildFile; fileRef = 74D71A371E9E5369000D29A5 /* main.m */; };
		74D71A3B1E9E5369000D29A5 /* AppDelegate.m in Sources */ = {isa = PBXBuildFile; fileRef = 74D71A3A1E9E5369000D29A5 /* AppDelegate.m */; };
		74D71A431E9E5369000D29A5 /* Assets.xcassets in Resources */ = {isa = PBXBuildFile; fileRef = 74D71A421E9E5369000D29A5 /* Assets.xcassets */; };
		74D71A461E9E5369000D29A5 /* LaunchScreen.storyboard in Resources */ = {isa = PBXBuildFile; fileRef = 74D71A441E9E5369000D29A5 /* LaunchScreen.storyboard */; };
		8E159F13A3F9DEDF1CF21624 /* libPods-ZXUIKit_example.a in Frameworks */ = {isa = PBXBuildFile; fileRef = DD443D1973D6083568EE1134 /* libPods-ZXUIKit_example.a */; };
/* End PBXBuildFile section */

/* Begin PBXFileReference section */
		1F9A797DBAA790A1F0E6F431 /* Pods-ZXUIKit_example.release.xcconfig */ = {isa = PBXFileReference; includeInIndex = 1; lastKnownFileType = text.xcconfig; name = "Pods-ZXUIKit_example.release.xcconfig"; path = "Pods/Target Support Files/Pods-ZXUIKit_example/Pods-ZXUIKit_example.release.xcconfig"; sourceTree = "<group>"; };
		701D084EDB11896A269C11FE /* Pods-ZXUIKit_example.debug.xcconfig */ = {isa = PBXFileReference; includeInIndex = 1; lastKnownFileType = text.xcconfig; name = "Pods-ZXUIKit_example.debug.xcconfig"; path = "Pods/Target Support Files/Pods-ZXUIKit_example/Pods-ZXUIKit_example.debug.xcconfig"; sourceTree = "<group>"; };
		7410318F1F8CA72A00511628 /* PrefixHeader.pch */ = {isa = PBXFileReference; fileEncoding = 4; lastKnownFileType = sourcecode.c.h; name = PrefixHeader.pch; path = ZXUIKit_example/PrefixHeader.pch; sourceTree = "<group>"; };
		741031951F8CB6B300511628 /* ZXButton.h */ = {isa = PBXFileReference; fileEncoding = 4; lastKnownFileType = sourcecode.c.h; path = ZXButton.h; sourceTree = "<group>"; };
		741031961F8CB6B300511628 /* ZXButton.m */ = {isa = PBXFileReference; fileEncoding = 4; lastKnownFileType = sourcecode.c.objc; path = ZXButton.m; sourceTree = "<group>"; };
		741031981F8CB6B300511628 /* ZXBlurryView.h */ = {isa = PBXFileReference; fileEncoding = 4; lastKnownFileType = sourcecode.c.h; path = ZXBlurryView.h; sourceTree = "<group>"; };
		741031991F8CB6B300511628 /* ZXBlurryView.m */ = {isa = PBXFileReference; fileEncoding = 4; lastKnownFileType = sourcecode.c.objc; path = ZXBlurryView.m; sourceTree = "<group>"; };
		7410319C1F8CB6B300511628 /* ZXDragViewController.h */ = {isa = PBXFileReference; fileEncoding = 4; lastKnownFileType = sourcecode.c.h; path = ZXDragViewController.h; sourceTree = "<group>"; };
		7410319D1F8CB6B300511628 /* ZXDragViewController.m */ = {isa = PBXFileReference; fileEncoding = 4; lastKnownFileType = sourcecode.c.objc; path = ZXDragViewController.m; sourceTree = "<group>"; };
		741031A21F8CC18600511628 /* ZXDrayLayout.h */ = {isa = PBXFileReference; fileEncoding = 4; lastKnownFileType = sourcecode.c.h; path = ZXDrayLayout.h; sourceTree = "<group>"; };
		741031A31F8CC18600511628 /* ZXDrayLayout.m */ = {isa = PBXFileReference; fileEncoding = 4; lastKnownFileType = sourcecode.c.objc; path = ZXDrayLayout.m; sourceTree = "<group>"; };
		741031A71F8CC9ED00511628 /* DragCellModel.h */ = {isa = PBXFileReference; fileEncoding = 4; lastKnownFileType = sourcecode.c.h; path = DragCellModel.h; sourceTree = "<group>"; };
		741031A81F8CC9ED00511628 /* DragCellModel.m */ = {isa = PBXFileReference; fileEncoding = 4; lastKnownFileType = sourcecode.c.objc; path = DragCellModel.m; sourceTree = "<group>"; };
		74B11E201F8CF4AA00B8CDF2 /* ZXDragView.h */ = {isa = PBXFileReference; fileEncoding = 4; lastKnownFileType = sourcecode.c.h; path = ZXDragView.h; sourceTree = "<group>"; };
		74B11E211F8CF4AA00B8CDF2 /* ZXDragView.m */ = {isa = PBXFileReference; fileEncoding = 4; lastKnownFileType = sourcecode.c.objc; path = ZXDragView.m; sourceTree = "<group>"; };
		74D71A331E9E5369000D29A5 /* ZXUIKit_example.app */ = {isa = PBXFileReference; explicitFileType = wrapper.application; includeInIndex = 0; path = ZXUIKit_example.app; sourceTree = BUILT_PRODUCTS_DIR; };
		74D71A371E9E5369000D29A5 /* main.m */ = {isa = PBXFileReference; lastKnownFileType = sourcecode.c.objc; path = main.m; sourceTree = "<group>"; };
		74D71A391E9E5369000D29A5 /* AppDelegate.h */ = {isa = PBXFileReference; lastKnownFileType = sourcecode.c.h; path = AppDelegate.h; sourceTree = "<group>"; };
		74D71A3A1E9E5369000D29A5 /* AppDelegate.m */ = {isa = PBXFileReference; lastKnownFileType = sourcecode.c.objc; path = AppDelegate.m; sourceTree = "<group>"; };
		74D71A421E9E5369000D29A5 /* Assets.xcassets */ = {isa = PBXFileReference; lastKnownFileType = folder.assetcatalog; path = Assets.xcassets; sourceTree = "<group>"; };
		74D71A451E9E5369000D29A5 /* Base */ = {isa = PBXFileReference; lastKnownFileType = file.storyboard; name = Base; path = Base.lproj/LaunchScreen.storyboard; sourceTree = "<group>"; };
		74D71A471E9E5369000D29A5 /* Info.plist */ = {isa = PBXFileReference; lastKnownFileType = text.plist.xml; path = Info.plist; sourceTree = "<group>"; };
		74E600E11E9F5D980008FFF6 /* ZXUIKit.h */ = {isa = PBXFileReference; fileEncoding = 4; lastKnownFileType = sourcecode.c.h; path = ZXUIKit.h; sourceTree = "<group>"; };
		DD443D1973D6083568EE1134 /* libPods-ZXUIKit_example.a */ = {isa = PBXFileReference; explicitFileType = archive.ar; includeInIndex = 0; path = "libPods-ZXUIKit_example.a"; sourceTree = BUILT_PRODUCTS_DIR; };
/* End PBXFileReference section */

/* Begin PBXFrameworksBuildPhase section */
		74D71A301E9E5369000D29A5 /* Frameworks */ = {
			isa = PBXFrameworksBuildPhase;
			buildActionMask = 2147483647;
			files = (
				8E159F13A3F9DEDF1CF21624 /* libPods-ZXUIKit_example.a in Frameworks */,
			);
			runOnlyForDeploymentPostprocessing = 0;
		};
/* End PBXFrameworksBuildPhase section */

/* Begin PBXGroup section */
		1D2DF4FDD522FAC62DB696AC /* Pods */ = {
			isa = PBXGroup;
			children = (
				701D084EDB11896A269C11FE /* Pods-ZXUIKit_example.debug.xcconfig */,
				1F9A797DBAA790A1F0E6F431 /* Pods-ZXUIKit_example.release.xcconfig */,
			);
			name = Pods;
			sourceTree = "<group>";
		};
		22C6768CB1EB0DC2E72F1ADF /* Frameworks */ = {
			isa = PBXGroup;
			children = (
				DD443D1973D6083568EE1134 /* libPods-ZXUIKit_example.a */,
			);
			name = Frameworks;
			sourceTree = "<group>";
		};
		741031941F8CB6B300511628 /* Component */ = {
			isa = PBXGroup;
			children = (
				741031951F8CB6B300511628 /* ZXButton.h */,
				741031961F8CB6B300511628 /* ZXButton.m */,
			);
			path = Component;
			sourceTree = "<group>";
		};
		741031971F8CB6B300511628 /* View */ = {
			isa = PBXGroup;
			children = (
				741031981F8CB6B300511628 /* ZXBlurryView.h */,
				741031991F8CB6B300511628 /* ZXBlurryView.m */,
			);
			path = View;
			sourceTree = "<group>";
		};
		7410319A1F8CB6B300511628 /* ViewController */ = {
			isa = PBXGroup;
			children = (
				7410319B1F8CB6B300511628 /* DragViewController */,
			);
			path = ViewController;
			sourceTree = "<group>";
		};
		7410319B1F8CB6B300511628 /* DragViewController */ = {
			isa = PBXGroup;
			children = (
				741031A61F8CC9A000511628 /* Model */,
				741031A51F8CC63C00511628 /* View */,
				741031A11F8CC16400511628 /* Layout */,
				7410319C1F8CB6B300511628 /* ZXDragViewController.h */,
				7410319D1F8CB6B300511628 /* ZXDragViewController.m */,
			);
			path = DragViewController;
			sourceTree = "<group>";
		};
		741031A11F8CC16400511628 /* Layout */ = {
			isa = PBXGroup;
			children = (
				741031A21F8CC18600511628 /* ZXDrayLayout.h */,
				741031A31F8CC18600511628 /* ZXDrayLayout.m */,
			);
			name = Layout;
			sourceTree = "<group>";
		};
		741031A51F8CC63C00511628 /* View */ = {
			isa = PBXGroup;
			children = (
				74B11E201F8CF4AA00B8CDF2 /* ZXDragView.h */,
				74B11E211F8CF4AA00B8CDF2 /* ZXDragView.m */,
			);
			name = View;
			sourceTree = "<group>";
		};
		741031A61F8CC9A000511628 /* Model */ = {
			isa = PBXGroup;
			children = (
				741031A71F8CC9ED00511628 /* DragCellModel.h */,
				741031A81F8CC9ED00511628 /* DragCellModel.m */,
			);
			name = Model;
			sourceTree = "<group>";
		};
		74D71A2A1E9E5369000D29A5 = {
			isa = PBXGroup;
			children = (
				74D71A351E9E5369000D29A5 /* ZXUIKit_example */,
				7410318F1F8CA72A00511628 /* PrefixHeader.pch */,
				74D71A341E9E5369000D29A5 /* Products */,
				1D2DF4FDD522FAC62DB696AC /* Pods */,
				22C6768CB1EB0DC2E72F1ADF /* Frameworks */,
			);
			sourceTree = "<group>";
		};
		74D71A341E9E5369000D29A5 /* Products */ = {
			isa = PBXGroup;
			children = (
				74D71A331E9E5369000D29A5 /* ZXUIKit_example.app */,
			);
			name = Products;
			sourceTree = "<group>";
		};
		74D71A351E9E5369000D29A5 /* ZXUIKit_example */ = {
			isa = PBXGroup;
			children = (
				74E600DE1E9F5D980008FFF6 /* ZXUIKit */,
				74D71A391E9E5369000D29A5 /* AppDelegate.h */,
				74D71A3A1E9E5369000D29A5 /* AppDelegate.m */,
				74D71A361E9E5369000D29A5 /* Supporting Files */,
			);
			path = ZXUIKit_example;
			sourceTree = "<group>";
		};
		74D71A361E9E5369000D29A5 /* Supporting Files */ = {
			isa = PBXGroup;
			children = (
				74D71A421E9E5369000D29A5 /* Assets.xcassets */,
				74D71A441E9E5369000D29A5 /* LaunchScreen.storyboard */,
				74D71A471E9E5369000D29A5 /* Info.plist */,
				74D71A371E9E5369000D29A5 /* main.m */,
			);
			name = "Supporting Files";
			sourceTree = "<group>";
		};
		74E600DE1E9F5D980008FFF6 /* ZXUIKit */ = {
			isa = PBXGroup;
			children = (
				741031941F8CB6B300511628 /* Component */,
				741031971F8CB6B300511628 /* View */,
				7410319A1F8CB6B300511628 /* ViewController */,
				74E600E11E9F5D980008FFF6 /* ZXUIKit.h */,
			);
			path = ZXUIKit;
			sourceTree = SOURCE_ROOT;
		};
/* End PBXGroup section */

/* Begin PBXNativeTarget section */
		74D71A321E9E5369000D29A5 /* ZXUIKit_example */ = {
			isa = PBXNativeTarget;
			buildConfigurationList = 74D71A4A1E9E5369000D29A5 /* Build configuration list for PBXNativeTarget "ZXUIKit_example" */;
			buildPhases = (
				486BFEF0BAF0C57CCBADCC9A /* [CP] Check Pods Manifest.lock */,
				74D71A2F1E9E5369000D29A5 /* Sources */,
				74D71A301E9E5369000D29A5 /* Frameworks */,
				74D71A311E9E5369000D29A5 /* Resources */,
				2E790B0BBB4BD269EA9404AE /* [CP] Embed Pods Frameworks */,
				599A5596378F855C5168207C /* [CP] Copy Pods Resources */,
			);
			buildRules = (
			);
			dependencies = (
			);
			name = ZXUIKit_example;
			productName = ZXUIKit_example;
			productReference = 74D71A331E9E5369000D29A5 /* ZXUIKit_example.app */;
			productType = "com.apple.product-type.application";
		};
/* End PBXNativeTarget section */

/* Begin PBXProject section */
		74D71A2B1E9E5369000D29A5 /* Project object */ = {
			isa = PBXProject;
			attributes = {
				LastUpgradeCheck = 0800;
				ORGANIZATIONNAME = lzx;
				TargetAttributes = {
					74D71A321E9E5369000D29A5 = {
						CreatedOnToolsVersion = 8.0;
						ProvisioningStyle = Automatic;
					};
				};
			};
			buildConfigurationList = 74D71A2E1E9E5369000D29A5 /* Build configuration list for PBXProject "ZXUIKit_example" */;
			compatibilityVersion = "Xcode 3.2";
			developmentRegion = English;
			hasScannedForEncodings = 0;
			knownRegions = (
				en,
				Base,
			);
			mainGroup = 74D71A2A1E9E5369000D29A5;
			productRefGroup = 74D71A341E9E5369000D29A5 /* Products */;
			projectDirPath = "";
			projectRoot = "";
			targets = (
				74D71A321E9E5369000D29A5 /* ZXUIKit_example */,
			);
		};
/* End PBXProject section */

/* Begin PBXResourcesBuildPhase section */
		74D71A311E9E5369000D29A5 /* Resources */ = {
			isa = PBXResourcesBuildPhase;
			buildActionMask = 2147483647;
			files = (
				74D71A461E9E5369000D29A5 /* LaunchScreen.storyboard in Resources */,
				74D71A431E9E5369000D29A5 /* Assets.xcassets in Resources */,
			);
			runOnlyForDeploymentPostprocessing = 0;
		};
/* End PBXResourcesBuildPhase section */

/* Begin PBXShellScriptBuildPhase section */
		2E790B0BBB4BD269EA9404AE /* [CP] Embed Pods Frameworks */ = {
			isa = PBXShellScriptBuildPhase;
			buildActionMask = 2147483647;
			files = (
			);
			inputPaths = (
			);
			name = "[CP] Embed Pods Frameworks";
			outputPaths = (
			);
			runOnlyForDeploymentPostprocessing = 0;
			shellPath = /bin/sh;
			shellScript = "\"${SRCROOT}/Pods/Target Support Files/Pods-ZXUIKit_example/Pods-ZXUIKit_example-frameworks.sh\"\n";
			showEnvVarsInLog = 0;
		};
		486BFEF0BAF0C57CCBADCC9A /* [CP] Check Pods Manifest.lock */ = {
			isa = PBXShellScriptBuildPhase;
			buildActionMask = 2147483647;
			files = (
			);
			inputPaths = (
			);
			name = "[CP] Check Pods Manifest.lock";
			outputPaths = (
			);
			runOnlyForDeploymentPostprocessing = 0;
			shellPath = /bin/sh;
			shellScript = "diff \"${PODS_PODFILE_DIR_PATH}/Podfile.lock\" \"${PODS_ROOT}/Manifest.lock\" > /dev/null\nif [ $? != 0 ] ; then\n    # print error to STDERR\n    echo \"error: The sandbox is not in sync with the Podfile.lock. Run 'pod install' or update your CocoaPods installation.\" >&2\n    exit 1\nfi\n";
			showEnvVarsInLog = 0;
		};
		599A5596378F855C5168207C /* [CP] Copy Pods Resources */ = {
			isa = PBXShellScriptBuildPhase;
			buildActionMask = 2147483647;
			files = (
			);
			inputPaths = (
			);
			name = "[CP] Copy Pods Resources";
			outputPaths = (
			);
			runOnlyForDeploymentPostprocessing = 0;
			shellPath = /bin/sh;
			shellScript = "\"${SRCROOT}/Pods/Target Support Files/Pods-ZXUIKit_example/Pods-ZXUIKit_example-resources.sh\"\n";
			showEnvVarsInLog = 0;
		};
/* End PBXShellScriptBuildPhase section */

/* Begin PBXSourcesBuildPhase section */
		74D71A2F1E9E5369000D29A5 /* Sources */ = {
			isa = PBXSourcesBuildPhase;
			buildActionMask = 2147483647;
			files = (
				741031A01F8CB6B300511628 /* ZXDragViewController.m in Sources */,
				741031A41F8CC18600511628 /* ZXDrayLayout.m in Sources */,
				74B11E221F8CF4AA00B8CDF2 /* ZXDragView.m in Sources */,
				741031A91F8CC9ED00511628 /* DragCellModel.m in Sources */,
				74D71A3B1E9E5369000D29A5 /* AppDelegate.m in Sources */,
				7410319E1F8CB6B300511628 /* ZXButton.m in Sources */,
				7410319F1F8CB6B300511628 /* ZXBlurryView.m in Sources */,
				74D71A381E9E5369000D29A5 /* main.m in Sources */,
			);
			runOnlyForDeploymentPostprocessing = 0;
		};
/* End PBXSourcesBuildPhase section */

/* Begin PBXVariantGroup section */
		74D71A441E9E5369000D29A5 /* LaunchScreen.storyboard */ = {
			isa = PBXVariantGroup;
			children = (
				74D71A451E9E5369000D29A5 /* Base */,
			);
			name = LaunchScreen.storyboard;
			sourceTree = "<group>";
		};
/* End PBXVariantGroup section */

/* Begin XCBuildConfiguration section */
		74D71A481E9E5369000D29A5 /* Debug */ = {
			isa = XCBuildConfiguration;
			buildSettings = {
				ALWAYS_SEARCH_USER_PATHS = NO;
				CLANG_ANALYZER_NONNULL = YES;
				CLANG_CXX_LANGUAGE_STANDARD = "gnu++0x";
				CLANG_CXX_LIBRARY = "libc++";
				CLANG_ENABLE_MODULES = YES;
				CLANG_ENABLE_OBJC_ARC = YES;
				CLANG_WARN_BOOL_CONVERSION = YES;
				CLANG_WARN_CONSTANT_CONVERSION = YES;
				CLANG_WARN_DIRECT_OBJC_ISA_USAGE = YES_ERROR;
				CLANG_WARN_DOCUMENTATION_COMMENTS = YES;
				CLANG_WARN_EMPTY_BODY = YES;
				CLANG_WARN_ENUM_CONVERSION = YES;
				CLANG_WARN_INFINITE_RECURSION = YES;
				CLANG_WARN_INT_CONVERSION = YES;
				CLANG_WARN_OBJC_ROOT_CLASS = YES_ERROR;
				CLANG_WARN_SUSPICIOUS_MOVES = YES;
				CLANG_WARN_UNREACHABLE_CODE = YES;
				CLANG_WARN__DUPLICATE_METHOD_MATCH = YES;
				"CODE_SIGN_IDENTITY[sdk=iphoneos*]" = "iPhone Developer";
				COPY_PHASE_STRIP = NO;
				DEBUG_INFORMATION_FORMAT = dwarf;
				ENABLE_STRICT_OBJC_MSGSEND = YES;
				ENABLE_TESTABILITY = YES;
				GCC_C_LANGUAGE_STANDARD = gnu99;
				GCC_DYNAMIC_NO_PIC = NO;
				GCC_NO_COMMON_BLOCKS = YES;
				GCC_OPTIMIZATION_LEVEL = 0;
				GCC_PREPROCESSOR_DEFINITIONS = (
					"DEBUG=1",
					"$(inherited)",
				);
				GCC_WARN_64_TO_32_BIT_CONVERSION = YES;
				GCC_WARN_ABOUT_RETURN_TYPE = YES_ERROR;
				GCC_WARN_UNDECLARED_SELECTOR = YES;
				GCC_WARN_UNINITIALIZED_AUTOS = YES_AGGRESSIVE;
				GCC_WARN_UNUSED_FUNCTION = YES;
				GCC_WARN_UNUSED_VARIABLE = YES;
				IPHONEOS_DEPLOYMENT_TARGET = 10.0;
				MTL_ENABLE_DEBUG_INFO = YES;
				ONLY_ACTIVE_ARCH = YES;
				SDKROOT = iphoneos;
				TARGETED_DEVICE_FAMILY = "1,2";
			};
			name = Debug;
		};
		74D71A491E9E5369000D29A5 /* Release */ = {
			isa = XCBuildConfiguration;
			buildSettings = {
				ALWAYS_SEARCH_USER_PATHS = NO;
				CLANG_ANALYZER_NONNULL = YES;
				CLANG_CXX_LANGUAGE_STANDARD = "gnu++0x";
				CLANG_CXX_LIBRARY = "libc++";
				CLANG_ENABLE_MODULES = YES;
				CLANG_ENABLE_OBJC_ARC = YES;
				CLANG_WARN_BOOL_CONVERSION = YES;
				CLANG_WARN_CONSTANT_CONVERSION = YES;
				CLANG_WARN_DIRECT_OBJC_ISA_USAGE = YES_ERROR;
				CLANG_WARN_DOCUMENTATION_COMMENTS = YES;
				CLANG_WARN_EMPTY_BODY = YES;
				CLANG_WARN_ENUM_CONVERSION = YES;
				CLANG_WARN_INFINITE_RECURSION = YES;
				CLANG_WARN_INT_CONVERSION = YES;
				CLANG_WARN_OBJC_ROOT_CLASS = YES_ERROR;
				CLANG_WARN_SUSPICIOUS_MOVES = YES;
				CLANG_WARN_UNREACHABLE_CODE = YES;
				CLANG_WARN__DUPLICATE_METHOD_MATCH = YES;
				"CODE_SIGN_IDENTITY[sdk=iphoneos*]" = "iPhone Developer";
				COPY_PHASE_STRIP = NO;
				DEBUG_INFORMATION_FORMAT = "dwarf-with-dsym";
				ENABLE_NS_ASSERTIONS = NO;
				ENABLE_STRICT_OBJC_MSGSEND = YES;
				GCC_C_LANGUAGE_STANDARD = gnu99;
				GCC_NO_COMMON_BLOCKS = YES;
				GCC_WARN_64_TO_32_BIT_CONVERSION = YES;
				GCC_WARN_ABOUT_RETURN_TYPE = YES_ERROR;
				GCC_WARN_UNDECLARED_SELECTOR = YES;
				GCC_WARN_UNINITIALIZED_AUTOS = YES_AGGRESSIVE;
				GCC_WARN_UNUSED_FUNCTION = YES;
				GCC_WARN_UNUSED_VARIABLE = YES;
				IPHONEOS_DEPLOYMENT_TARGET = 10.0;
				MTL_ENABLE_DEBUG_INFO = NO;
				SDKROOT = iphoneos;
				TARGETED_DEVICE_FAMILY = "1,2";
				VALIDATE_PRODUCT = YES;
			};
			name = Release;
		};
		74D71A4B1E9E5369000D29A5 /* Debug */ = {
			isa = XCBuildConfiguration;
			baseConfigurationReference = 701D084EDB11896A269C11FE /* Pods-ZXUIKit_example.debug.xcconfig */;
			buildSettings = {
				ASSETCATALOG_COMPILER_APPICON_NAME = AppIcon;
				GCC_PRECOMPILE_PREFIX_HEADER = YES;
				GCC_PREFIX_HEADER = "$(SRCROOT)/ZXUIKit_example/PrefixHeader.pch";
				INFOPLIST_FILE = ZXUIKit_example/Info.plist;
				LD_RUNPATH_SEARCH_PATHS = "$(inherited) @executable_path/Frameworks";
				PRODUCT_BUNDLE_IDENTIFIER = "com.pingan.ZXUIKit-example";
				PRODUCT_NAME = "$(TARGET_NAME)";
			};
			name = Debug;
		};
		74D71A4C1E9E5369000D29A5 /* Release */ = {
			isa = XCBuildConfiguration;
			baseConfigurationReference = 1F9A797DBAA790A1F0E6F431 /* Pods-ZXUIKit_example.release.xcconfig */;
			buildSettings = {
				ASSETCATALOG_COMPILER_APPICON_NAME = AppIcon;
				GCC_PRECOMPILE_PREFIX_HEADER = YES;
				GCC_PREFIX_HEADER = "$(SRCROOT)/ZXUIKit_example/PrefixHeader.pch";
				INFOPLIST_FILE = ZXUIKit_example/Info.plist;
				LD_RUNPATH_SEARCH_PATHS = "$(inherited) @executable_path/Frameworks";
				PRODUCT_BUNDLE_IDENTIFIER = "com.pingan.ZXUIKit-example";
				PRODUCT_NAME = "$(TARGET_NAME)";
			};
			name = Release;
		};
/* End XCBuildConfiguration section */

/* Begin XCConfigurationList section */
		74D71A2E1E9E5369000D29A5 /* Build configuration list for PBXProject "ZXUIKit_example" */ = {
			isa = XCConfigurationList;
			buildConfigurations = (
				74D71A481E9E5369000D29A5 /* Debug */,
				74D71A491E9E5369000D29A5 /* Release */,
			);
			defaultConfigurationIsVisible = 0;
			defaultConfigurationName = Release;
		};
		74D71A4A1E9E5369000D29A5 /* Build configuration list for PBXNativeTarget "ZXUIKit_example" */ = {
			isa = XCConfigurationList;
			buildConfigurations = (
				74D71A4B1E9E5369000D29A5 /* Debug */,
				74D71A4C1E9E5369000D29A5 /* Release */,
			);
			defaultConfigurationIsVisible = 0;
			defaultConfigurationName = Release;
		};
/* End XCConfigurationList section */
	};
	rootObject = 74D71A2B1E9E5369000D29A5 /* Project object */;
}
